
Microsoft Visual Studio Solution File, Format Version 12.00
# Visual Studio 15
VisualStudioVersion = 15.0.28307.421
MinimumVisualStudioVersion = 10.0.40219.1
Project("{FAE04EC0-301F-11D3-BF4B-00C04F79EFBC}") = "ObjectLifetimeCacher", "ObjectLifetimeCacher\ObjectLifetimeCacher.csproj", "{BE481FC7-7DEA-416A-A9D7-4C6F2065D653}"
EndProject
Project("{FAE04EC0-301F-11D3-BF4B-00C04F79EFBC}") = "UnitTests", "UnitTests\UnitTests.csproj", "{B16D4D7F-A4BB-40E8-936E-69B6F9EB30DC}"
EndProject
Project("{FAE04EC0-301F-11D3-BF4B-00C04F79EFBC}") = "ObjectLifetimeCacher.Extensions", "ObjectLifetimeCacher.Extensions\ObjectLifetimeCacher.Extensions.csproj", "{51D6DE1D-2963-412C-A14E-D108C02229FC}"
EndProject
Global
	GlobalSection(SolutionConfigurationPlatforms) = preSolution
		Debug|Any CPU = Debug|Any CPU
		Release|Any CPU = Release|Any CPU
	EndGlobalSection
	GlobalSection(ProjectConfigurationPlatforms) = postSolution
		{BE481FC7-7DEA-416A-A9D7-4C6F2065D653}.Debug|Any CPU.ActiveCfg = Debug|Any CPU
		{BE481FC7-7DEA-416A-A9D7-4C6F2065D653}.Debug|Any CPU.Build.0 = Debug|Any CPU
		{BE481FC7-7DEA-416A-A9D7-4C6F2065D653}.Release|Any CPU.ActiveCfg = Release|Any CPU
		{BE481FC7-7DEA-416A-A9D7-4C6F2065D653}.Release|Any CPU.Build.0 = Release|Any CPU
		{B16D4D7F-A4BB-40E8-936E-69B6F9EB30DC}.Debug|Any CPU.ActiveCfg = Debug|Any CPU
		{B16D4D7F-A4BB-40E8-936E-69B6F9EB30DC}.Debug|Any CPU.Build.0 = Debug|Any CPU
		{B16D4D7F-A4BB-40E8-936E-69B6F9EB30DC}.Release|Any CPU.ActiveCfg = Release|Any CPU
		{B16D4D7F-A4BB-40E8-936E-69B6F9EB30DC}.Release|Any CPU.Build.0 = Release|Any CPU
		{51D6DE1D-2963-412C-A14E-D108C02229FC}.Debug|Any CPU.ActiveCfg = Debug|Any CPU
		{51D6DE1D-2963-412C-A14E-D108C02229FC}.Debug|Any CPU.Build.0 = Debug|Any CPU
		{51D6DE1D-2963-412C-A14E-D108C02229FC}.Release|Any CPU.ActiveCfg = Release|Any CPU
		{51D6DE1D-2963-412C-A14E-D108C02229FC}.Release|Any CPU.Build.0 = Release|Any CPU
	EndGlobalSection
	GlobalSection(SolutionProperties) = preSolution
		HideSolutionNode = FALSE
	EndGlobalSection
	GlobalSection(ExtensibilityGlobals) = postSolution
		SolutionGuid = {227C5EFF-978E-4399-9156-8890F2FEDA06}
	EndGlobalSection
EndGlobal
